hash: 8280cc0992063925b238db0e142bcee56d42030b49f2017eaffbfc38ffe920f3
updated: 2016-03-23T22:02:11.0725998+02:00
imports:
- name: github.com/julienschmidt/httprouter
  version: 8c199fb6259ffc1af525cc3ad52ee60ba8359669
- name: github.com/mantzas/adaptlog
  version: 5426523bbc2e4c7fb0fabc910311e7606f22a237
devImports: []
