hash: 8280cc0992063925b238db0e142bcee56d42030b49f2017eaffbfc38ffe920f3
updated: 2016-03-16T01:04:32.4588221+02:00
imports:
- name: github.com/julienschmidt/httprouter
  version: 8c199fb6259ffc1af525cc3ad52ee60ba8359669
- name: github.com/mantzas/adaptlog
  version: 5426523bbc2e4c7fb0fabc910311e7606f22a237
- name: github.com/mantzas/substitute
  version: 4f5c813f3556940432f3ec4f455a65ec128132c7
  subpackages:
  - http/mux
  - log
  - http/middleware
devImports: []
