hash: de98af919c2b3cb7eba4fc093e3c2cbc4957795ebffd4bd08f3847ef19d5e545
updated: 2016-03-23T23:12:23.1965865+02:00
imports:
- name: github.com/julienschmidt/httprouter
  version: 8c199fb6259ffc1af525cc3ad52ee60ba8359669
- name: github.com/mantzas/adaptlog
  version: 930d06b401fc492dc240ee7a1f064d8ffa5e96ee
devImports: []
